# This file is automatically @generated by Poetry and should not be changed by hand.

[[package]]
name = "mypy"
version = "1.3.0"
description = "Optional static typing for Python"
category = "dev"
optional = false
python-versions = ">=3.7"
files = [
    {file = "mypy-1.3.0-cp310-cp310-macosx_10_9_x86_64.whl", hash = "sha256:c1eb485cea53f4f5284e5baf92902cd0088b24984f4209e25981cc359d64448d"},
    {file = "mypy-1.3.0-cp310-cp310-macosx_11_0_arm64.whl", hash = "sha256:4c99c3ecf223cf2952638da9cd82793d8f3c0c5fa8b6ae2b2d9ed1e1ff51ba85"},
    {file = "mypy-1.3.0-cp310-cp310-manylinux_2_17_x86_64.manylinux2014_x86_64.whl", hash = "sha256:550a8b3a19bb6589679a7c3c31f64312e7ff482a816c96e0cecec9ad3a7564dd"},
    {file = "mypy-1.3.0-cp310-cp310-musllinux_1_1_x86_64.whl", hash = "sha256:cbc07246253b9e3d7d74c9ff948cd0fd7a71afcc2b77c7f0a59c26e9395cb152"},
    {file = "mypy-1.3.0-cp310-cp310-win_amd64.whl", hash = "sha256:a22435632710a4fcf8acf86cbd0d69f68ac389a3892cb23fbad176d1cddaf228"},
    {file = "mypy-1.3.0-cp311-cp311-macosx_10_9_x86_64.whl", hash = "sha256:6e33bb8b2613614a33dff70565f4c803f889ebd2f859466e42b46e1df76018dd"},
    {file = "mypy-1.3.0-cp311-cp311-macosx_11_0_arm64.whl", hash = "sha256:7d23370d2a6b7a71dc65d1266f9a34e4cde9e8e21511322415db4b26f46f6b8c"},
    {file = "mypy-1.3.0-cp311-cp311-manylinux_2_17_x86_64.manylinux2014_x86_64.whl", hash = "sha256:658fe7b674769a0770d4b26cb4d6f005e88a442fe82446f020be8e5f5efb2fae"},
    {file = "mypy-1.3.0-cp311-cp311-musllinux_1_1_x86_64.whl", hash = "sha256:6e42d29e324cdda61daaec2336c42512e59c7c375340bd202efa1fe0f7b8f8ca"},
    {file = "mypy-1.3.0-cp311-cp311-win_amd64.whl", hash = "sha256:d0b6c62206e04061e27009481cb0ec966f7d6172b5b936f3ead3d74f29fe3dcf"},
    {file = "mypy-1.3.0-cp37-cp37m-macosx_10_9_x86_64.whl", hash = "sha256:76ec771e2342f1b558c36d49900dfe81d140361dd0d2df6cd71b3db1be155409"},
    {file = "mypy-1.3.0-cp37-cp37m-manylinux_2_17_x86_64.manylinux2014_x86_64.whl", hash = "sha256:ebc95f8386314272bbc817026f8ce8f4f0d2ef7ae44f947c4664efac9adec929"},
    {file = "mypy-1.3.0-cp37-cp37m-musllinux_1_1_x86_64.whl", hash = "sha256:faff86aa10c1aa4a10e1a301de160f3d8fc8703b88c7e98de46b531ff1276a9a"},
    {file = "mypy-1.3.0-cp37-cp37m-win_amd64.whl", hash = "sha256:8c5979d0deb27e0f4479bee18ea0f83732a893e81b78e62e2dda3e7e518c92ee"},
    {file = "mypy-1.3.0-cp38-cp38-macosx_10_9_x86_64.whl", hash = "sha256:c5d2cc54175bab47011b09688b418db71403aefad07cbcd62d44010543fc143f"},
    {file = "mypy-1.3.0-cp38-cp38-macosx_11_0_arm64.whl", hash = "sha256:87df44954c31d86df96c8bd6e80dfcd773473e877ac6176a8e29898bfb3501cb"},
    {file = "mypy-1.3.0-cp38-cp38-manylinux_2_17_x86_64.manylinux2014_x86_64.whl", hash = "sha256:473117e310febe632ddf10e745a355714e771ffe534f06db40702775056614c4"},
    {file = "mypy-1.3.0-cp38-cp38-musllinux_1_1_x86_64.whl", hash = "sha256:74bc9b6e0e79808bf8678d7678b2ae3736ea72d56eede3820bd3849823e7f305"},
    {file = "mypy-1.3.0-cp38-cp38-win_amd64.whl", hash = "sha256:44797d031a41516fcf5cbfa652265bb994e53e51994c1bd649ffcd0c3a7eccbf"},
    {file = "mypy-1.3.0-cp39-cp39-macosx_10_9_x86_64.whl", hash = "sha256:ddae0f39ca146972ff6bb4399f3b2943884a774b8771ea0a8f50e971f5ea5ba8"},
    {file = "mypy-1.3.0-cp39-cp39-macosx_11_0_arm64.whl", hash = "sha256:1c4c42c60a8103ead4c1c060ac3cdd3ff01e18fddce6f1016e08939647a0e703"},
    {file = "mypy-1.3.0-cp39-cp39-manylinux_2_17_x86_64.manylinux2014_x86_64.whl", hash = "sha256:e86c2c6852f62f8f2b24cb7a613ebe8e0c7dc1402c61d36a609174f63e0ff017"},
    {file = "mypy-1.3.0-cp39-cp39-musllinux_1_1_x86_64.whl", hash = "sha256:f9dca1e257d4cc129517779226753dbefb4f2266c4eaad610fc15c6a7e14283e"},
    {file = "mypy-1.3.0-cp39-cp39-win_amd64.whl", hash = "sha256:95d8d31a7713510685b05fbb18d6ac287a56c8f6554d88c19e73f724a445448a"},
    {file = "mypy-1.3.0-py3-none-any.whl", hash = "sha256:a8763e72d5d9574d45ce5881962bc8e9046bf7b375b0abf031f3e6811732a897"},
    {file = "mypy-1.3.0.tar.gz", hash = "sha256:e1f4d16e296f5135624b34e8fb741eb0eadedca90862405b1f1fde2040b9bd11"},
]

[package.dependencies]
mypy-extensions = ">=1.0.0"
tomli = {version = ">=1.1.0", markers = "python_version < \"3.11\""}
typing-extensions = ">=3.10"

[package.extras]
dmypy = ["psutil (>=4.0)"]
install-types = ["pip"]
python2 = ["typed-ast (>=1.4.0,<2)"]
reports = ["lxml"]

[[package]]
name = "mypy-extensions"
version = "1.0.0"
description = "Type system extensions for programs checked with the mypy type checker."
category = "dev"
optional = false
python-versions = ">=3.5"
files = [
    {file = "mypy_extensions-1.0.0-py3-none-any.whl", hash = "sha256:4392f6c0eb8a5668a69e23d168ffa70f0be9ccfd32b5cc2d26a34ae5b844552d"},
    {file = "mypy_extensions-1.0.0.tar.gz", hash = "sha256:75dbf8955dc00442a438fc4d0666508a9a97b6bd41aa2f0ffe9d2f2725af0782"},
]

[[package]]
name = "numpy"
version = "1.24.3"
description = "Fundamental package for array computing in Python"
category = "main"
optional = false
python-versions = ">=3.8"
files = [
    {file = "numpy-1.24.3-cp310-cp310-macosx_10_9_x86_64.whl", hash = "sha256:3c1104d3c036fb81ab923f507536daedc718d0ad5a8707c6061cdfd6d184e570"},
    {file = "numpy-1.24.3-cp310-cp310-macosx_11_0_arm64.whl", hash = "sha256:202de8f38fc4a45a3eea4b63e2f376e5f2dc64ef0fa692838e31a808520efaf7"},
    {file = "numpy-1.24.3-cp310-cp310-manylinux_2_17_aarch64.manylinux2014_aarch64.whl", hash = "sha256:8535303847b89aa6b0f00aa1dc62867b5a32923e4d1681a35b5eef2d9591a463"},
    {file = "numpy-1.24.3-cp310-cp310-manylinux_2_17_x86_64.manylinux2014_x86_64.whl", hash = "sha256:2d926b52ba1367f9acb76b0df6ed21f0b16a1ad87c6720a1121674e5cf63e2b6"},
    {file = "numpy-1.24.3-cp310-cp310-win32.whl", hash = "sha256:f21c442fdd2805e91799fbe044a7b999b8571bb0ab0f7850d0cb9641a687092b"},
    {file = "numpy-1.24.3-cp310-cp310-win_amd64.whl", hash = "sha256:ab5f23af8c16022663a652d3b25dcdc272ac3f83c3af4c02eb8b824e6b3ab9d7"},
    {file = "numpy-1.24.3-cp311-cp311-macosx_10_9_x86_64.whl", hash = "sha256:9a7721ec204d3a237225db3e194c25268faf92e19338a35f3a224469cb6039a3"},
    {file = "numpy-1.24.3-cp311-cp311-macosx_11_0_arm64.whl", hash = "sha256:d6cc757de514c00b24ae8cf5c876af2a7c3df189028d68c0cb4eaa9cd5afc2bf"},
    {file = "numpy-1.24.3-cp311-cp311-manylinux_2_17_aarch64.manylinux2014_aarch64.whl", hash = "sha256:76e3f4e85fc5d4fd311f6e9b794d0c00e7002ec122be271f2019d63376f1d385"},
    {file = "numpy-1.24.3-cp311-cp311-manylinux_2_17_x86_64.manylinux2014_x86_64.whl", hash = "sha256:a1d3c026f57ceaad42f8231305d4653d5f05dc6332a730ae5c0bea3513de0950"},
    {file = "numpy-1.24.3-cp311-cp311-win32.whl", hash = "sha256:c91c4afd8abc3908e00a44b2672718905b8611503f7ff87390cc0ac3423fb096"},
    {file = "numpy-1.24.3-cp311-cp311-win_amd64.whl", hash = "sha256:5342cf6aad47943286afa6f1609cad9b4266a05e7f2ec408e2cf7aea7ff69d80"},
    {file = "numpy-1.24.3-cp38-cp38-macosx_10_9_x86_64.whl", hash = "sha256:7776ea65423ca6a15255ba1872d82d207bd1e09f6d0894ee4a64678dd2204078"},
    {file = "numpy-1.24.3-cp38-cp38-macosx_11_0_arm64.whl", hash = "sha256:ae8d0be48d1b6ed82588934aaaa179875e7dc4f3d84da18d7eae6eb3f06c242c"},
    {file = "numpy-1.24.3-cp38-cp38-manylinux_2_17_aarch64.manylinux2014_aarch64.whl", hash = "sha256:ecde0f8adef7dfdec993fd54b0f78183051b6580f606111a6d789cd14c61ea0c"},
    {file = "numpy-1.24.3-cp38-cp38-manylinux_2_17_x86_64.manylinux2014_x86_64.whl", hash = "sha256:4749e053a29364d3452c034827102ee100986903263e89884922ef01a0a6fd2f"},
    {file = "numpy-1.24.3-cp38-cp38-win32.whl", hash = "sha256:d933fabd8f6a319e8530d0de4fcc2e6a61917e0b0c271fded460032db42a0fe4"},
    {file = "numpy-1.24.3-cp38-cp38-win_amd64.whl", hash = "sha256:56e48aec79ae238f6e4395886b5eaed058abb7231fb3361ddd7bfdf4eed54289"},
    {file = "numpy-1.24.3-cp39-cp39-macosx_10_9_x86_64.whl", hash = "sha256:4719d5aefb5189f50887773699eaf94e7d1e02bf36c1a9d353d9f46703758ca4"},
    {file = "numpy-1.24.3-cp39-cp39-macosx_11_0_arm64.whl", hash = "sha256:0ec87a7084caa559c36e0a2309e4ecb1baa03b687201d0a847c8b0ed476a7187"},
    {file = "numpy-1.24.3-cp39-cp39-manylinux_2_17_aarch64.manylinux2014_aarch64.whl", hash = "sha256:ea8282b9bcfe2b5e7d491d0bf7f3e2da29700cec05b49e64d6246923329f2b02"},
    {file = "numpy-1.24.3-cp39-cp39-manylinux_2_17_x86_64.manylinux2014_x86_64.whl", hash = "sha256:210461d87fb02a84ef243cac5e814aad2b7f4be953b32cb53327bb49fd77fbb4"},
    {file = "numpy-1.24.3-cp39-cp39-win32.whl", hash = "sha256:784c6da1a07818491b0ffd63c6bbe5a33deaa0e25a20e1b3ea20cf0e43f8046c"},
    {file = "numpy-1.24.3-cp39-cp39-win_amd64.whl", hash = "sha256:d5036197ecae68d7f491fcdb4df90082b0d4960ca6599ba2659957aafced7c17"},
    {file = "numpy-1.24.3-pp38-pypy38_pp73-macosx_10_9_x86_64.whl", hash = "sha256:352ee00c7f8387b44d19f4cada524586f07379c0d49270f87233983bc5087ca0"},
    {file = "numpy-1.24.3-pp38-pypy38_pp73-manylinux_2_17_x86_64.manylinux2014_x86_64.whl", hash = "sha256:1a7d6acc2e7524c9955e5c903160aa4ea083736fde7e91276b0e5d98e6332812"},
    {file = "numpy-1.24.3-pp38-pypy38_pp73-win_amd64.whl", hash = "sha256:35400e6a8d102fd07c71ed7dcadd9eb62ee9a6e84ec159bd48c28235bbb0f8e4"},
    {file = "numpy-1.24.3.tar.gz", hash = "sha256:ab344f1bf21f140adab8e47fdbc7c35a477dc01408791f8ba00d018dd0bc5155"},
]

[[package]]
name = "pyqt5"
version = "5.15.9"
description = "Python bindings for the Qt cross platform application toolkit"
category = "dev"
optional = false
python-versions = ">=3.7"
files = [
    {file = "PyQt5-5.15.9-cp37-abi3-macosx_10_13_x86_64.whl", hash = "sha256:883ba5c8a348be78c8be6a3d3ba014c798e679503bce00d76c666c2dc6afe828"},
    {file = "PyQt5-5.15.9-cp37-abi3-manylinux_2_17_x86_64.whl", hash = "sha256:dd5ce10e79fbf1df29507d2daf99270f2057cdd25e4de6fbf2052b46c652e3a5"},
    {file = "PyQt5-5.15.9-cp37-abi3-win32.whl", hash = "sha256:e45c5cc15d4fd26ab5cb0e5cdba60691a3e9086411f8e3662db07a5a4222a696"},
    {file = "PyQt5-5.15.9-cp37-abi3-win_amd64.whl", hash = "sha256:e030d795df4cbbfcf4f38b18e2e119bcc9e177ef658a5094b87bb16cac0ce4c5"},
    {file = "PyQt5-5.15.9.tar.gz", hash = "sha256:dc41e8401a90dc3e2b692b411bd5492ab559ae27a27424eed4bd3915564ec4c0"},
]

[package.dependencies]
PyQt5-Qt5 = ">=5.15.2"
PyQt5-sip = ">=12.11,<13"

[[package]]
name = "pyqt5-qt5"
version = "5.15.2"
description = "The subset of a Qt installation needed by PyQt5."
category = "dev"
optional = false
python-versions = "*"
files = [
    {file = "PyQt5_Qt5-5.15.2-py3-none-macosx_10_13_intel.whl", hash = "sha256:76980cd3d7ae87e3c7a33bfebfaee84448fd650bad6840471d6cae199b56e154"},
    {file = "PyQt5_Qt5-5.15.2-py3-none-manylinux2014_x86_64.whl", hash = "sha256:1988f364ec8caf87a6ee5d5a3a5210d57539988bf8e84714c7d60972692e2f4a"},
    {file = "PyQt5_Qt5-5.15.2-py3-none-win32.whl", hash = "sha256:9cc7a768b1921f4b982ebc00a318ccb38578e44e45316c7a4a850e953e1dd327"},
    {file = "PyQt5_Qt5-5.15.2-py3-none-win_amd64.whl", hash = "sha256:750b78e4dba6bdf1607febedc08738e318ea09e9b10aea9ff0d73073f11f6962"},
]

[[package]]
name = "pyqt5-sip"
version = "12.12.1"
description = "The sip module support for PyQt5"
category = "dev"
optional = false
python-versions = ">=3.7"
files = [
    {file = "PyQt5_sip-12.12.1-cp310-cp310-macosx_10_9_universal2.whl", hash = "sha256:7ed598ff1b666f9e5e0214be7840f308f8fb347fe416a2a45fbedab046a7120b"},
    {file = "PyQt5_sip-12.12.1-cp310-cp310-manylinux_2_5_x86_64.manylinux1_x86_64.whl", hash = "sha256:644310dcfed4373075bc576717eea60b0f49899beb5cffb204ddaf5f27cddb85"},
    {file = "PyQt5_sip-12.12.1-cp310-cp310-win32.whl", hash = "sha256:51720277a53d99bac0914fb970970c9c2ec1a6ab3b7cc5580909d37d9cc6b152"},
    {file = "PyQt5_sip-12.12.1-cp310-cp310-win_amd64.whl", hash = "sha256:2a344855b9c57d37cf000afa46967961122fb1867faee4f53054ebaa1ce51e24"},
    {file = "PyQt5_sip-12.12.1-cp311-cp311-macosx_10_9_universal2.whl", hash = "sha256:59229c8d30141220a472ba4e4212846e8bf0bed84c32cbeb57f70fe727c6dfc2"},
    {file = "PyQt5_sip-12.12.1-cp311-cp311-manylinux_2_5_x86_64.manylinux1_x86_64.whl", hash = "sha256:5a9cbcfe8c15d3a34ef33570f0b0130b8ba68b98fd6ec92c28202b186f3ab870"},
    {file = "PyQt5_sip-12.12.1-cp311-cp311-win32.whl", hash = "sha256:7afc6ec06e79a3e0a7b447e28ef46dad372bdca32e7eff0dcbac6bc53b69a070"},
    {file = "PyQt5_sip-12.12.1-cp311-cp311-win_amd64.whl", hash = "sha256:b5b7a6c76fe3eb6b245ac6599c807b18e9a718167878a0b547db1d071a914c08"},
    {file = "PyQt5_sip-12.12.1-cp37-cp37m-macosx_10_9_x86_64.whl", hash = "sha256:3dad0b2bbe0bae4916e43610186d425cd186469b2e6c7ff853177c113b6af6ed"},
    {file = "PyQt5_sip-12.12.1-cp37-cp37m-manylinux_2_5_x86_64.manylinux1_x86_64.whl", hash = "sha256:d1378815b15198ce6dddd367fbd81f5c018ce473a89ae938b7a58e1d97f25b10"},
    {file = "PyQt5_sip-12.12.1-cp37-cp37m-win32.whl", hash = "sha256:2e3d444f5cb81261c22e7c9d3a9a4484bb9db7a1a3077559100175d36297d1da"},
    {file = "PyQt5_sip-12.12.1-cp37-cp37m-win_amd64.whl", hash = "sha256:eee684532876775e1d0fa20d4aae1b568aaa6c732d74e6657ee832e427d46947"},
    {file = "PyQt5_sip-12.12.1-cp38-cp38-macosx_10_9_x86_64.whl", hash = "sha256:1364f460ae07fc2f4c42dd7a3b3738611b29f5c033025e5e70b03e2687d4bda4"},
    {file = "PyQt5_sip-12.12.1-cp38-cp38-manylinux_2_5_x86_64.manylinux1_x86_64.whl", hash = "sha256:6cb6139b00e347e7d961467d092e67c47a97893bc6ab83104bcaf50bf4815036"},
    {file = "PyQt5_sip-12.12.1-cp38-cp38-win32.whl", hash = "sha256:9e21e11eb6fb468affe0d72ff922788c2adc124480bb274941fce93ddb122b8f"},
    {file = "PyQt5_sip-12.12.1-cp38-cp38-win_amd64.whl", hash = "sha256:f5ac060219c127a5b9009a4cfe33086e36c6bb8e26c0b757b31a6c04d29d630d"},
    {file = "PyQt5_sip-12.12.1-cp39-cp39-macosx_10_9_universal2.whl", hash = "sha256:a65f5869f3f35330c920c1b218319140c0b84f8c49a20727b5e3df2acd496833"},
    {file = "PyQt5_sip-12.12.1-cp39-cp39-manylinux_2_5_x86_64.manylinux1_x86_64.whl", hash = "sha256:e0241b62f5ca9aaff1037f12e6f5ed68168e7200e14e73f05b632381cee0ff4b"},
    {file = "PyQt5_sip-12.12.1-cp39-cp39-win32.whl", hash = "sha256:0e30f6c9b99161d8a524d8b7aa5a001be5fe002797151c27414066b838beaa4e"},
    {file = "PyQt5_sip-12.12.1-cp39-cp39-win_amd64.whl", hash = "sha256:8a2e48a331024a225128f94f5d0fb8089e924419693b2e03eda4d5dbc4313b52"},
    {file = "PyQt5_sip-12.12.1.tar.gz", hash = "sha256:8fdc6e0148abd12d977a1d3828e7b79aae958e83c6cb5adae614916d888a6b10"},
]

[[package]]
name = "pyqt6"
version = "6.5.0"
description = "Python bindings for the Qt cross platform application toolkit"
category = "dev"
optional = false
python-versions = ">=3.6.1"
files = [
    {file = "PyQt6-6.5.0-cp37-abi3-macosx_10_14_universal2.whl", hash = "sha256:e3c8289d9a509be897265981b77eb29e64ce29e9d221fdf52545c2c95e819c9b"},
    {file = "PyQt6-6.5.0-cp37-abi3-manylinux_2_28_x86_64.whl", hash = "sha256:2b0d9628134811fbfc988d1757111ca8e25cb697f136fa54c969fb1a4d4a61d1"},
    {file = "PyQt6-6.5.0-cp37-abi3-win_amd64.whl", hash = "sha256:99ea0e68f548509b7ef97cded0feeaf3dca7d1fe719388569407326be3be38c2"},
    {file = "PyQt6-6.5.0.tar.gz", hash = "sha256:b97cb4be9b2c8997904ea668cf3b0a4ae5822196f7792590d05ecde6216a9fbc"},
]

[package.dependencies]
PyQt6-Qt6 = ">=6.5.0"
PyQt6-sip = ">=13.4,<14"

[[package]]
name = "pyqt6-qt6"
version = "6.5.0"
description = "The subset of a Qt installation needed by PyQt6."
category = "dev"
optional = false
python-versions = "*"
files = [
    {file = "PyQt6_Qt6-6.5.0-py3-none-macosx_10_14_x86_64.whl", hash = "sha256:1178fcd5e9590fec4261e06a753a8fa028222ec0bd9a0788b3bd37720fbbe6cf"},
    {file = "PyQt6_Qt6-6.5.0-py3-none-macosx_11_0_arm64.whl", hash = "sha256:9d82d8af986a0eef55905f309fdda4303d1354eba10175824ae62ab6547f7a96"},
    {file = "PyQt6_Qt6-6.5.0-py3-none-manylinux_2_28_x86_64.whl", hash = "sha256:5f40ef19eb632731828283361f800928517650c74c914c093af9a364d6843953"},
    {file = "PyQt6_Qt6-6.5.0-py3-none-win_amd64.whl", hash = "sha256:8c1f898f4d02a31615fe7613a38f82b489fb2c8554965c917d551470731635a8"},
]

[[package]]
name = "pyqt6-sip"
version = "13.5.1"
description = "The sip module support for PyQt6"
category = "dev"
optional = false
python-versions = ">=3.7"
files = [
    {file = "PyQt6_sip-13.5.1-cp310-cp310-macosx_10_9_universal2.whl", hash = "sha256:2a15f080a994936ed182f4a81343baa19bac9063ec6efc0a93d026f5cfc95ace"},
    {file = "PyQt6_sip-13.5.1-cp310-cp310-manylinux_2_5_x86_64.manylinux1_x86_64.whl", hash = "sha256:d90dfec64c35c91644a3e32d3e5680cdee549d00245ea7252cb6298797f9bcef"},
    {file = "PyQt6_sip-13.5.1-cp310-cp310-win_amd64.whl", hash = "sha256:1e7bb3e45e57dfdb9437043d99b7cb797707e7f2475d122928b13688458f94b7"},
    {file = "PyQt6_sip-13.5.1-cp311-cp311-macosx_10_9_universal2.whl", hash = "sha256:18c0e75e6ebd91dc96dbc6290f044ec37e764890ef2182c82b99ea5b655ea466"},
    {file = "PyQt6_sip-13.5.1-cp311-cp311-manylinux_2_5_x86_64.manylinux1_x86_64.whl", hash = "sha256:c3e2f155f92f96d73c680caf3d87f4f9f9aaf6487c125ecbe7140daad7d87245"},
    {file = "PyQt6_sip-13.5.1-cp311-cp311-win_amd64.whl", hash = "sha256:08b69898aab0fcc73661b212d434f9e9eb50319481bc2ac3aaf1ac06bc9feca6"},
    {file = "PyQt6_sip-13.5.1-cp37-cp37m-macosx_10_9_x86_64.whl", hash = "sha256:d79957dd0c0ea1a17f0846806ea203dce827df6a9dcd93ebfe98fdd6186d9ecc"},
    {file = "PyQt6_sip-13.5.1-cp37-cp37m-manylinux_2_5_x86_64.manylinux1_x86_64.whl", hash = "sha256:a867601c38acc9b0c7f9aab4f96d9ec8cbedfcd5ae245f82a9c1c48f352413e4"},
    {file = "PyQt6_sip-13.5.1-cp37-cp37m-win_amd64.whl", hash = "sha256:52931307cf06c5ac992df2877e899f8b8ba72464e2828fe442b18fd51c7bf787"},
    {file = "PyQt6_sip-13.5.1-cp38-cp38-macosx_10_9_x86_64.whl", hash = "sha256:c71d303ff654ad947d8c0cb5ebfde9a59390aac52eb695a775234a08bee8f44e"},
    {file = "PyQt6_sip-13.5.1-cp38-cp38-manylinux_2_5_x86_64.manylinux1_x86_64.whl", hash = "sha256:e0d715bb5b86eb8f09d84b2b4400df7e4c96ef730801bc145a1c23be79f39fac"},
    {file = "PyQt6_sip-13.5.1-cp38-cp38-win_amd64.whl", hash = "sha256:4b2e70d21069fe6e20bf22de1de2985e064e00d1368e0a171ce38824be4339ab"},
    {file = "PyQt6_sip-13.5.1-cp39-cp39-macosx_10_9_universal2.whl", hash = "sha256:f7b4e3cad598afd9b50a32732007184141b400769d425cae86f4e702cbc882b3"},
    {file = "PyQt6_sip-13.5.1-cp39-cp39-manylinux_2_5_x86_64.manylinux1_x86_64.whl", hash = "sha256:ad802005e68bb9bb6f869b7f904c73d7c7793d11b83d317c33ff6b0c163d785f"},
    {file = "PyQt6_sip-13.5.1-cp39-cp39-win_amd64.whl", hash = "sha256:5e8fdb0821c0c556d2a34db1229d4bd711499a1102241b1b9fcf1ee34f87e564"},
    {file = "PyQt6_sip-13.5.1.tar.gz", hash = "sha256:d1e9141752966669576d04b37ba0b122abbc41cc9c35493751028d7d91c4dd49"},
]

[[package]]
name = "pyqtgraph"
version = "0.13.3"
description = "Scientific Graphics and GUI Library for Python"
category = "main"
optional = false
python-versions = ">=3.8"
files = [
    {file = "pyqtgraph-0.13.3-py3-none-any.whl", hash = "sha256:fdcc04ac4b32a7bedf1bf3cf74cbb93ab3ba5687791712bbfa8d0712377d2f2b"},
    {file = "pyqtgraph-0.13.3.tar.gz", hash = "sha256:58108d8411c7054e0841d8b791ee85e101fc296b9b359c0e01dde38a98ff2ace"},
]

[package.dependencies]
numpy = ">=1.20.0"

[[package]]
name = "pyside2"
version = "5.15.2.1"
description = "Python bindings for the Qt cross-platform application and UI framework"
category = "dev"
optional = false
python-versions = ">=2.7, !=3.0.*, !=3.1.*, !=3.2.*, !=3.3.*, !=3.4.*, <3.11"
files = [
    {file = "PySide2-5.15.2.1-5.15.2-cp27-cp27m-macosx_10_13_intel.whl", hash = "sha256:b5e1d92f26b0bbaefff67727ccbb2e1b577f2c0164b349b3d6e80febb4c5bde2"},
    {file = "PySide2-5.15.2.1-5.15.2-cp27-cp27mu-manylinux1_x86_64.whl", hash = "sha256:235240b6ec8206d9fdf0232472c6ef3241783d480425e5b54796f06e39ed23da"},
    {file = "PySide2-5.15.2.1-5.15.2-cp35.cp36.cp37.cp38.cp39.cp310-abi3-macosx_10_13_intel.whl", hash = "sha256:a9e2e6bbcb5d2ebb421e46e72244a0f4fe0943b2288115f80a863aacc1de1f06"},
    {file = "PySide2-5.15.2.1-5.15.2-cp35.cp36.cp37.cp38.cp39.cp310-abi3-manylinux1_x86_64.whl", hash = "sha256:23886c6391ebd916e835fa1b5ae66938048504fd3a2934ae3189a96cd5ac0b46"},
    {file = "PySide2-5.15.2.1-5.15.2-cp35.cp36.cp37.cp38.cp39.cp310-none-win32.whl", hash = "sha256:439509e53cfe05abbf9a99422a2cbad086408b0f9bf5e6f642ff1b13b1f8b055"},
    {file = "PySide2-5.15.2.1-5.15.2-cp35.cp36.cp37.cp38.cp39.cp310-none-win_amd64.whl", hash = "sha256:af6b263fe63ba6dea7eaebae80aa7b291491fe66f4f0057c0aafe780cc83da9d"},
]

[package.dependencies]
shiboken2 = "5.15.2.1"

[[package]]
name = "pyside6"
version = "6.5.0"
description = "Python bindings for the Qt cross-platform application and UI framework"
category = "dev"
optional = false
python-versions = "<3.12,>=3.7"
files = [
    {file = "PySide6-6.5.0-cp37-abi3-macosx_10_9_universal2.whl", hash = "sha256:cb059a0f3d4b763451a1e8dec440784dff1728e9ace6cb81c541cc1354c5f3dc"},
    {file = "PySide6-6.5.0-cp37-abi3-manylinux_2_28_x86_64.whl", hash = "sha256:5102c57841b15facb0aeca1f23d689ebc528a609bf5fb907f1ef2747f6415001"},
    {file = "PySide6-6.5.0-cp37-abi3-win_amd64.whl", hash = "sha256:13e8e96aa7a89840575505f50b9635e6450bf413ff46288d1085b3a9f8b225c1"},
    {file = "PySide6-6.5.0-pp39-pypy39_pp73-macosx_10_9_universal2.whl", hash = "sha256:f30e1d0319ea4d2ddac654c58377079a40f38c4cac7b6fd631902f91190c1fc8"},
    {file = "PySide6-6.5.0-pp39-pypy39_pp73-manylinux_2_28_x86_64.whl", hash = "sha256:c1c7244a4e83b3a4ea965f4a85776ebc64fa3c9b4af77ad70b22e64ccec3d451"},
    {file = "PySide6-6.5.0-pp39-pypy39_pp73-win_amd64.whl", hash = "sha256:7242fe09aaeb3399152fa1c6c25098b93df945620a4bd81a37de0ecb2f64fd5d"},
]

[package.dependencies]
PySide6-Addons = "6.5.0"
PySide6-Essentials = "6.5.0"
shiboken6 = "6.5.0"

[[package]]
name = "pyside6-addons"
version = "6.5.0"
description = "Python bindings for the Qt cross-platform application and UI framework (Addons)"
category = "dev"
optional = false
python-versions = "<3.12,>=3.7"
files = [
    {file = "PySide6_Addons-6.5.0-cp37-abi3-macosx_10_9_universal2.whl", hash = "sha256:d29e84d0b54c5fdeb6cc405d537788a648da975cc58e37f0df3a17cd11a67f1d"},
    {file = "PySide6_Addons-6.5.0-cp37-abi3-manylinux_2_28_x86_64.whl", hash = "sha256:29551ca63a1cbc0fcd17fa9e477282857e2c66c3a55fdb9754b75519d5adf89a"},
    {file = "PySide6_Addons-6.5.0-cp37-abi3-win_amd64.whl", hash = "sha256:db7a6117c3f944b4827204ed7f346030fc10c602521f278310a78021567df28f"},
    {file = "PySide6_Addons-6.5.0-pp39-pypy39_pp73-macosx_10_9_universal2.whl", hash = "sha256:fd5bc46cfffac7afa2f76c3dc6cb6f567a0ad1276d8177797c1bc152aec50f35"},
    {file = "PySide6_Addons-6.5.0-pp39-pypy39_pp73-manylinux_2_28_x86_64.whl", hash = "sha256:9ed197a05f1c279d1589d8535040fe5e21b92fa19933e38de962050cb58f6c05"},
    {file = "PySide6_Addons-6.5.0-pp39-pypy39_pp73-win_amd64.whl", hash = "sha256:1a9545df3e77c656a3708eaa3584d98ff41720c7dadf344d5126d66e83d0ab5a"},
]

[package.dependencies]
PySide6-Essentials = "6.5.0"
shiboken6 = "6.5.0"

[[package]]
name = "pyside6-essentials"
version = "6.5.0"
description = "Python bindings for the Qt cross-platform application and UI framework (Essentials)"
category = "dev"
optional = false
python-versions = "<3.12,>=3.7"
files = [
    {file = "PySide6_Essentials-6.5.0-cp37-abi3-macosx_10_9_universal2.whl", hash = "sha256:4517e27fc540d9e645ea12dea82c8b29c042d66aaef46960a125cccdf0079800"},
    {file = "PySide6_Essentials-6.5.0-cp37-abi3-manylinux_2_28_x86_64.whl", hash = "sha256:f00d4f10758cdc3f49f94465ead788ad294dac7d9cc5e1cc0610e97c2bdfc8d7"},
    {file = "PySide6_Essentials-6.5.0-cp37-abi3-win_amd64.whl", hash = "sha256:bc2e0a9dafe383ab965e98b6ddf73f709da3736197dea8eab265fd3e524db993"},
    {file = "PySide6_Essentials-6.5.0-pp39-pypy39_pp73-macosx_10_9_universal2.whl", hash = "sha256:58a88a099171c55a7e41e519208c9ca93661d277bb73c5897a2e3f2cbe5248b7"},
    {file = "PySide6_Essentials-6.5.0-pp39-pypy39_pp73-manylinux_2_28_x86_64.whl", hash = "sha256:0287ec94ee1923d430bb20836bc649a5c76a59281245de469d7f759cc73c5ea7"},
    {file = "PySide6_Essentials-6.5.0-pp39-pypy39_pp73-win_amd64.whl", hash = "sha256:987c2ec04c35481c841de9b25931d2d074eb7d2e591aa5628041b2ca2df96d0e"},
]

[package.dependencies]
shiboken6 = "6.5.0"

[[package]]
name = "shiboken2"
version = "5.15.2.1"
description = "Python / C++ bindings helper module"
category = "dev"
optional = false
python-versions = ">=2.7, !=3.0.*, !=3.1.*, !=3.2.*, !=3.3.*, !=3.4.*, <3.11"
files = [
    {file = "shiboken2-5.15.2.1-5.15.2-cp27-cp27m-macosx_10_13_intel.whl", hash = "sha256:f890f5611ab8f48b88cfecb716da2ac55aef99e2923198cefcf781842888ea65"},
    {file = "shiboken2-5.15.2.1-5.15.2-cp27-cp27mu-manylinux1_x86_64.whl", hash = "sha256:87079c07587859a525b9800d60b1be971338ce9b371d6ead81f15ee5a46d448b"},
    {file = "shiboken2-5.15.2.1-5.15.2-cp35.cp36.cp37.cp38.cp39.cp310-abi3-macosx_10_13_intel.whl", hash = "sha256:ffd3d0ec3d508e592d7ee3885d27fee1f279a49989f734eb130f46d9501273a9"},
    {file = "shiboken2-5.15.2.1-5.15.2-cp35.cp36.cp37.cp38.cp39.cp310-abi3-manylinux1_x86_64.whl", hash = "sha256:63debfcc531b6a2b4985aa9b71433d2ad3bac542acffc729cc0ecaa3854390c0"},
    {file = "shiboken2-5.15.2.1-5.15.2-cp35.cp36.cp37.cp38.cp39.cp310-none-win32.whl", hash = "sha256:eb0da44b6fa60c6bd317b8f219e500595e94e0322b33ec5b4e9f406bedaee555"},
    {file = "shiboken2-5.15.2.1-5.15.2-cp35.cp36.cp37.cp38.cp39.cp310-none-win_amd64.whl", hash = "sha256:a0d0fdeb12b72c8af349b9642ccc67afd783dca449309f45e78cda50272fd6b7"},
]

[[package]]
name = "shiboken6"
version = "6.5.0"
description = "Python/C++ bindings helper module"
category = "dev"
optional = false
python-versions = "<3.12,>=3.7"
files = [
    {file = "shiboken6-6.5.0-cp37-abi3-macosx_10_9_universal2.whl", hash = "sha256:2d7fe6534a51ec9c96b82fc6275cf75e85ab29276a9778aed756465f81adf0c1"},
    {file = "shiboken6-6.5.0-cp37-abi3-manylinux_2_28_x86_64.whl", hash = "sha256:46ff977f96c9d45dba3c3a313628356fd40e4423bb65bf2d9870b73396fad8be"},
    {file = "shiboken6-6.5.0-cp37-abi3-win_amd64.whl", hash = "sha256:aee9708517821aaef547c83d689bf524d6f217d47232cb313d9af9e630215eed"},
    {file = "shiboken6-6.5.0-pp39-pypy39_pp73-macosx_10_9_universal2.whl", hash = "sha256:6e2874ea013d4cea7819935977bffa4c634ebcaabcb5287798df9f0c2f10c4c0"},
    {file = "shiboken6-6.5.0-pp39-pypy39_pp73-manylinux_2_28_x86_64.whl", hash = "sha256:72888ebc5ef7295df27197c0af726bd6731e2a883b346e448e2c740b3e34bc2f"},
    {file = "shiboken6-6.5.0-pp39-pypy39_pp73-win_amd64.whl", hash = "sha256:1bba668221a5cf40186cea93ced018cf788d7476d50968a3f073ebbe41ce712d"},
]

[[package]]
name = "tomli"
version = "2.0.1"
description = "A lil' TOML parser"
category = "dev"
optional = false
python-versions = ">=3.7"
files = [
    {file = "tomli-2.0.1-py3-none-any.whl", hash = "sha256:939de3e7a6161af0c887ef91b7d41a53e7c5a1ca976325f429cb46ea9bc30ecc"},
    {file = "tomli-2.0.1.tar.gz", hash = "sha256:de526c12914f0c550d15924c62d72abc48d6fe7364aa87328337a31007fe8a4f"},
]

[[package]]
name = "typing-extensions"
version = "4.5.0"
description = "Backported and Experimental Type Hints for Python 3.7+"
category = "dev"
optional = false
python-versions = ">=3.7"
files = [
    {file = "typing_extensions-4.5.0-py3-none-any.whl", hash = "sha256:fb33085c39dd998ac16d1431ebc293a8b3eedd00fd4a32de0ff79002c19511b4"},
    {file = "typing_extensions-4.5.0.tar.gz", hash = "sha256:5cb5f4a79139d699607b3ef622a1dedafa84e115ab0024e0d9c044a9479ca7cb"},
]

[metadata]
lock-version = "2.0"
python-versions = ">=3.8, <3.11"
content-hash = "66d113a85ec1322814af0e4feb637303a11a219bd12a987a1d0e9acb120505d5"
