# This file is automatically @generated by Poetry 1.7.1 and should not be changed by hand.

[[package]]
name = "mypy"
version = "1.8.0"
description = "Optional static typing for Python"
optional = false
python-versions = ">=3.8"
files = [
    {file = "mypy-1.8.0-cp310-cp310-macosx_10_9_x86_64.whl", hash = "sha256:485a8942f671120f76afffff70f259e1cd0f0cfe08f81c05d8816d958d4577d3"},
    {file = "mypy-1.8.0-cp310-cp310-macosx_11_0_arm64.whl", hash = "sha256:df9824ac11deaf007443e7ed2a4a26bebff98d2bc43c6da21b2b64185da011c4"},
    {file = "mypy-1.8.0-cp310-cp310-manylinux_2_17_x86_64.manylinux2014_x86_64.whl", hash = "sha256:2afecd6354bbfb6e0160f4e4ad9ba6e4e003b767dd80d85516e71f2e955ab50d"},
    {file = "mypy-1.8.0-cp310-cp310-musllinux_1_1_x86_64.whl", hash = "sha256:8963b83d53ee733a6e4196954502b33567ad07dfd74851f32be18eb932fb1cb9"},
    {file = "mypy-1.8.0-cp310-cp310-win_amd64.whl", hash = "sha256:e46f44b54ebddbeedbd3d5b289a893219065ef805d95094d16a0af6630f5d410"},
    {file = "mypy-1.8.0-cp311-cp311-macosx_10_9_x86_64.whl", hash = "sha256:855fe27b80375e5c5878492f0729540db47b186509c98dae341254c8f45f42ae"},
    {file = "mypy-1.8.0-cp311-cp311-macosx_11_0_arm64.whl", hash = "sha256:4c886c6cce2d070bd7df4ec4a05a13ee20c0aa60cb587e8d1265b6c03cf91da3"},
    {file = "mypy-1.8.0-cp311-cp311-manylinux_2_17_x86_64.manylinux2014_x86_64.whl", hash = "sha256:d19c413b3c07cbecf1f991e2221746b0d2a9410b59cb3f4fb9557f0365a1a817"},
    {file = "mypy-1.8.0-cp311-cp311-musllinux_1_1_x86_64.whl", hash = "sha256:9261ed810972061388918c83c3f5cd46079d875026ba97380f3e3978a72f503d"},
    {file = "mypy-1.8.0-cp311-cp311-win_amd64.whl", hash = "sha256:51720c776d148bad2372ca21ca29256ed483aa9a4cdefefcef49006dff2a6835"},
    {file = "mypy-1.8.0-cp312-cp312-macosx_10_9_x86_64.whl", hash = "sha256:52825b01f5c4c1c4eb0db253ec09c7aa17e1a7304d247c48b6f3599ef40db8bd"},
    {file = "mypy-1.8.0-cp312-cp312-macosx_11_0_arm64.whl", hash = "sha256:f5ac9a4eeb1ec0f1ccdc6f326bcdb464de5f80eb07fb38b5ddd7b0de6bc61e55"},
    {file = "mypy-1.8.0-cp312-cp312-manylinux_2_17_x86_64.manylinux2014_x86_64.whl", hash = "sha256:afe3fe972c645b4632c563d3f3eff1cdca2fa058f730df2b93a35e3b0c538218"},
    {file = "mypy-1.8.0-cp312-cp312-musllinux_1_1_x86_64.whl", hash = "sha256:42c6680d256ab35637ef88891c6bd02514ccb7e1122133ac96055ff458f93fc3"},
    {file = "mypy-1.8.0-cp312-cp312-win_amd64.whl", hash = "sha256:720a5ca70e136b675af3af63db533c1c8c9181314d207568bbe79051f122669e"},
    {file = "mypy-1.8.0-cp38-cp38-macosx_10_9_x86_64.whl", hash = "sha256:028cf9f2cae89e202d7b6593cd98db6759379f17a319b5faf4f9978d7084cdc6"},
    {file = "mypy-1.8.0-cp38-cp38-macosx_11_0_arm64.whl", hash = "sha256:4e6d97288757e1ddba10dd9549ac27982e3e74a49d8d0179fc14d4365c7add66"},
    {file = "mypy-1.8.0-cp38-cp38-manylinux_2_17_x86_64.manylinux2014_x86_64.whl", hash = "sha256:7f1478736fcebb90f97e40aff11a5f253af890c845ee0c850fe80aa060a267c6"},
    {file = "mypy-1.8.0-cp38-cp38-musllinux_1_1_x86_64.whl", hash = "sha256:42419861b43e6962a649068a61f4a4839205a3ef525b858377a960b9e2de6e0d"},
    {file = "mypy-1.8.0-cp38-cp38-win_amd64.whl", hash = "sha256:2b5b6c721bd4aabaadead3a5e6fa85c11c6c795e0c81a7215776ef8afc66de02"},
    {file = "mypy-1.8.0-cp39-cp39-macosx_10_9_x86_64.whl", hash = "sha256:5c1538c38584029352878a0466f03a8ee7547d7bd9f641f57a0f3017a7c905b8"},
    {file = "mypy-1.8.0-cp39-cp39-macosx_11_0_arm64.whl", hash = "sha256:4ef4be7baf08a203170f29e89d79064463b7fc7a0908b9d0d5114e8009c3a259"},
    {file = "mypy-1.8.0-cp39-cp39-manylinux_2_17_x86_64.manylinux2014_x86_64.whl", hash = "sha256:7178def594014aa6c35a8ff411cf37d682f428b3b5617ca79029d8ae72f5402b"},
    {file = "mypy-1.8.0-cp39-cp39-musllinux_1_1_x86_64.whl", hash = "sha256:ab3c84fa13c04aeeeabb2a7f67a25ef5d77ac9d6486ff33ded762ef353aa5592"},
    {file = "mypy-1.8.0-cp39-cp39-win_amd64.whl", hash = "sha256:99b00bc72855812a60d253420d8a2eae839b0afa4938f09f4d2aa9bb4654263a"},
    {file = "mypy-1.8.0-py3-none-any.whl", hash = "sha256:538fd81bb5e430cc1381a443971c0475582ff9f434c16cd46d2c66763ce85d9d"},
    {file = "mypy-1.8.0.tar.gz", hash = "sha256:6ff8b244d7085a0b425b56d327b480c3b29cafbd2eff27316a004f9a7391ae07"},
]

[package.dependencies]
mypy-extensions = ">=1.0.0"
tomli = {version = ">=1.1.0", markers = "python_version < \"3.11\""}
typing-extensions = ">=4.1.0"

[package.extras]
dmypy = ["psutil (>=4.0)"]
install-types = ["pip"]
mypyc = ["setuptools (>=50)"]
reports = ["lxml"]

[[package]]
name = "mypy-extensions"
version = "1.0.0"
description = "Type system extensions for programs checked with the mypy type checker."
optional = false
python-versions = ">=3.5"
files = [
    {file = "mypy_extensions-1.0.0-py3-none-any.whl", hash = "sha256:4392f6c0eb8a5668a69e23d168ffa70f0be9ccfd32b5cc2d26a34ae5b844552d"},
    {file = "mypy_extensions-1.0.0.tar.gz", hash = "sha256:75dbf8955dc00442a438fc4d0666508a9a97b6bd41aa2f0ffe9d2f2725af0782"},
]

[[package]]
name = "numpy"
version = "1.26.3"
description = "Fundamental package for array computing in Python"
optional = false
python-versions = ">=3.9"
files = [
    {file = "numpy-1.26.3-cp310-cp310-macosx_10_9_x86_64.whl", hash = "sha256:806dd64230dbbfaca8a27faa64e2f414bf1c6622ab78cc4264f7f5f028fee3bf"},
    {file = "numpy-1.26.3-cp310-cp310-macosx_11_0_arm64.whl", hash = "sha256:02f98011ba4ab17f46f80f7f8f1c291ee7d855fcef0a5a98db80767a468c85cd"},
    {file = "numpy-1.26.3-cp310-cp310-manylinux_2_17_aarch64.manylinux2014_aarch64.whl", hash = "sha256:6d45b3ec2faed4baca41c76617fcdcfa4f684ff7a151ce6fc78ad3b6e85af0a6"},
    {file = "numpy-1.26.3-cp310-cp310-manylinux_2_17_x86_64.manylinux2014_x86_64.whl", hash = "sha256:bdd2b45bf079d9ad90377048e2747a0c82351989a2165821f0c96831b4a2a54b"},
    {file = "numpy-1.26.3-cp310-cp310-musllinux_1_1_aarch64.whl", hash = "sha256:211ddd1e94817ed2d175b60b6374120244a4dd2287f4ece45d49228b4d529178"},
    {file = "numpy-1.26.3-cp310-cp310-musllinux_1_1_x86_64.whl", hash = "sha256:b1240f767f69d7c4c8a29adde2310b871153df9b26b5cb2b54a561ac85146485"},
    {file = "numpy-1.26.3-cp310-cp310-win32.whl", hash = "sha256:21a9484e75ad018974a2fdaa216524d64ed4212e418e0a551a2d83403b0531d3"},
    {file = "numpy-1.26.3-cp310-cp310-win_amd64.whl", hash = "sha256:9e1591f6ae98bcfac2a4bbf9221c0b92ab49762228f38287f6eeb5f3f55905ce"},
    {file = "numpy-1.26.3-cp311-cp311-macosx_10_9_x86_64.whl", hash = "sha256:b831295e5472954104ecb46cd98c08b98b49c69fdb7040483aff799a755a7374"},
    {file = "numpy-1.26.3-cp311-cp311-macosx_11_0_arm64.whl", hash = "sha256:9e87562b91f68dd8b1c39149d0323b42e0082db7ddb8e934ab4c292094d575d6"},
    {file = "numpy-1.26.3-cp311-cp311-manylinux_2_17_aarch64.manylinux2014_aarch64.whl", hash = "sha256:8c66d6fec467e8c0f975818c1796d25c53521124b7cfb760114be0abad53a0a2"},
    {file = "numpy-1.26.3-cp311-cp311-manylinux_2_17_x86_64.manylinux2014_x86_64.whl", hash = "sha256:f25e2811a9c932e43943a2615e65fc487a0b6b49218899e62e426e7f0a57eeda"},
    {file = "numpy-1.26.3-cp311-cp311-musllinux_1_1_aarch64.whl", hash = "sha256:af36e0aa45e25c9f57bf684b1175e59ea05d9a7d3e8e87b7ae1a1da246f2767e"},
    {file = "numpy-1.26.3-cp311-cp311-musllinux_1_1_x86_64.whl", hash = "sha256:51c7f1b344f302067b02e0f5b5d2daa9ed4a721cf49f070280ac202738ea7f00"},
    {file = "numpy-1.26.3-cp311-cp311-win32.whl", hash = "sha256:7ca4f24341df071877849eb2034948459ce3a07915c2734f1abb4018d9c49d7b"},
    {file = "numpy-1.26.3-cp311-cp311-win_amd64.whl", hash = "sha256:39763aee6dfdd4878032361b30b2b12593fb445ddb66bbac802e2113eb8a6ac4"},
    {file = "numpy-1.26.3-cp312-cp312-macosx_10_9_x86_64.whl", hash = "sha256:a7081fd19a6d573e1a05e600c82a1c421011db7935ed0d5c483e9dd96b99cf13"},
    {file = "numpy-1.26.3-cp312-cp312-macosx_11_0_arm64.whl", hash = "sha256:12c70ac274b32bc00c7f61b515126c9205323703abb99cd41836e8125ea0043e"},
    {file = "numpy-1.26.3-cp312-cp312-manylinux_2_17_aarch64.manylinux2014_aarch64.whl", hash = "sha256:7f784e13e598e9594750b2ef6729bcd5a47f6cfe4a12cca13def35e06d8163e3"},
    {file = "numpy-1.26.3-cp312-cp312-manylinux_2_17_x86_64.manylinux2014_x86_64.whl", hash = "sha256:5f24750ef94d56ce6e33e4019a8a4d68cfdb1ef661a52cdaee628a56d2437419"},
    {file = "numpy-1.26.3-cp312-cp312-musllinux_1_1_aarch64.whl", hash = "sha256:77810ef29e0fb1d289d225cabb9ee6cf4d11978a00bb99f7f8ec2132a84e0166"},
    {file = "numpy-1.26.3-cp312-cp312-musllinux_1_1_x86_64.whl", hash = "sha256:8ed07a90f5450d99dad60d3799f9c03c6566709bd53b497eb9ccad9a55867f36"},
    {file = "numpy-1.26.3-cp312-cp312-win32.whl", hash = "sha256:f73497e8c38295aaa4741bdfa4fda1a5aedda5473074369eca10626835445511"},
    {file = "numpy-1.26.3-cp312-cp312-win_amd64.whl", hash = "sha256:da4b0c6c699a0ad73c810736303f7fbae483bcb012e38d7eb06a5e3b432c981b"},
    {file = "numpy-1.26.3-cp39-cp39-macosx_10_9_x86_64.whl", hash = "sha256:1666f634cb3c80ccbd77ec97bc17337718f56d6658acf5d3b906ca03e90ce87f"},
    {file = "numpy-1.26.3-cp39-cp39-macosx_11_0_arm64.whl", hash = "sha256:18c3319a7d39b2c6a9e3bb75aab2304ab79a811ac0168a671a62e6346c29b03f"},
    {file = "numpy-1.26.3-cp39-cp39-manylinux_2_17_aarch64.manylinux2014_aarch64.whl", hash = "sha256:0b7e807d6888da0db6e7e75838444d62495e2b588b99e90dd80c3459594e857b"},
    {file = "numpy-1.26.3-cp39-cp39-manylinux_2_17_x86_64.manylinux2014_x86_64.whl", hash = "sha256:b4d362e17bcb0011738c2d83e0a65ea8ce627057b2fdda37678f4374a382a137"},
    {file = "numpy-1.26.3-cp39-cp39-musllinux_1_1_aarch64.whl", hash = "sha256:b8c275f0ae90069496068c714387b4a0eba5d531aace269559ff2b43655edd58"},
    {file = "numpy-1.26.3-cp39-cp39-musllinux_1_1_x86_64.whl", hash = "sha256:cc0743f0302b94f397a4a65a660d4cd24267439eb16493fb3caad2e4389bccbb"},
    {file = "numpy-1.26.3-cp39-cp39-win32.whl", hash = "sha256:9bc6d1a7f8cedd519c4b7b1156d98e051b726bf160715b769106661d567b3f03"},
    {file = "numpy-1.26.3-cp39-cp39-win_amd64.whl", hash = "sha256:867e3644e208c8922a3be26fc6bbf112a035f50f0a86497f98f228c50c607bb2"},
    {file = "numpy-1.26.3-pp39-pypy39_pp73-macosx_10_9_x86_64.whl", hash = "sha256:3c67423b3703f8fbd90f5adaa37f85b5794d3366948efe9a5190a5f3a83fc34e"},
    {file = "numpy-1.26.3-pp39-pypy39_pp73-manylinux_2_17_x86_64.manylinux2014_x86_64.whl", hash = "sha256:46f47ee566d98849323f01b349d58f2557f02167ee301e5e28809a8c0e27a2d0"},
    {file = "numpy-1.26.3-pp39-pypy39_pp73-win_amd64.whl", hash = "sha256:a8474703bffc65ca15853d5fd4d06b18138ae90c17c8d12169968e998e448bb5"},
    {file = "numpy-1.26.3.tar.gz", hash = "sha256:697df43e2b6310ecc9d95f05d5ef20eacc09c7c4ecc9da3f235d39e71b7da1e4"},
]

[[package]]
name = "pyqt5"
version = "5.15.10"
description = "Python bindings for the Qt cross platform application toolkit"
optional = false
python-versions = ">=3.7"
files = [
    {file = "PyQt5-5.15.10-cp37-abi3-macosx_10_13_x86_64.whl", hash = "sha256:93288d62ebd47b1933d80c27f5d43c7c435307b84d480af689cef2474e87e4c8"},
    {file = "PyQt5-5.15.10-cp37-abi3-macosx_11_0_arm64.whl", hash = "sha256:862cea3be95b4b0a2b9678003b3a18edf7bd5eafd673860f58820f246d4bf616"},
    {file = "PyQt5-5.15.10-cp37-abi3-manylinux_2_17_x86_64.whl", hash = "sha256:b89478d16d4118664ff58ed609e0a804d002703c9420118de7e4e70fa1cb5486"},
    {file = "PyQt5-5.15.10-cp37-abi3-win32.whl", hash = "sha256:ff99b4f91aa8eb60510d5889faad07116d3340041916e46c07d519f7cad344e1"},
    {file = "PyQt5-5.15.10-cp37-abi3-win_amd64.whl", hash = "sha256:501355f327e9a2c38db0428e1a236d25ebcb99304cd6e668c05d1188d514adec"},
    {file = "PyQt5-5.15.10.tar.gz", hash = "sha256:d46b7804b1b10a4ff91753f8113e5b5580d2b4462f3226288e2d84497334898a"},
]

[package.dependencies]
PyQt5-Qt5 = ">=5.15.2"
PyQt5-sip = ">=12.13,<13"

[[package]]
name = "pyqt5-qt5"
version = "5.15.2"
description = "The subset of a Qt installation needed by PyQt5."
optional = false
python-versions = "*"
files = [
    {file = "PyQt5_Qt5-5.15.2-py3-none-macosx_10_13_intel.whl", hash = "sha256:76980cd3d7ae87e3c7a33bfebfaee84448fd650bad6840471d6cae199b56e154"},
    {file = "PyQt5_Qt5-5.15.2-py3-none-manylinux2014_x86_64.whl", hash = "sha256:1988f364ec8caf87a6ee5d5a3a5210d57539988bf8e84714c7d60972692e2f4a"},
    {file = "PyQt5_Qt5-5.15.2-py3-none-win32.whl", hash = "sha256:9cc7a768b1921f4b982ebc00a318ccb38578e44e45316c7a4a850e953e1dd327"},
    {file = "PyQt5_Qt5-5.15.2-py3-none-win_amd64.whl", hash = "sha256:750b78e4dba6bdf1607febedc08738e318ea09e9b10aea9ff0d73073f11f6962"},
]

[[package]]
name = "pyqt5-sip"
version = "12.13.0"
description = "The sip module support for PyQt5"
optional = false
python-versions = ">=3.7"
files = [
    {file = "PyQt5_sip-12.13.0-cp310-cp310-macosx_10_9_universal2.whl", hash = "sha256:a7e3623b2c743753625c4650ec7696362a37fb36433b61824cf257f6d3d43cca"},
    {file = "PyQt5_sip-12.13.0-cp310-cp310-manylinux_2_5_x86_64.manylinux1_x86_64.whl", hash = "sha256:6e4ac714252370ca037c7d609da92388057165edd4f94e63354f6d65c3ed9d53"},
    {file = "PyQt5_sip-12.13.0-cp310-cp310-win32.whl", hash = "sha256:d5032da3fff62da055104926ffe76fd6044c1221f8ad35bb60804bcb422fe866"},
    {file = "PyQt5_sip-12.13.0-cp310-cp310-win_amd64.whl", hash = "sha256:9a8cdd6cb66adcbe5c941723ed1544eba05cf19b6c961851b58ccdae1c894afb"},
    {file = "PyQt5_sip-12.13.0-cp311-cp311-macosx_10_9_universal2.whl", hash = "sha256:0f85fb633a522f04e48008de49dce1ff1d947011b48885b8428838973fbca412"},
    {file = "PyQt5_sip-12.13.0-cp311-cp311-manylinux_2_5_x86_64.manylinux1_x86_64.whl", hash = "sha256:ec60162e034c42fb99859206d62b83b74f987d58937b3a82bdc07b5c3d190dec"},
    {file = "PyQt5_sip-12.13.0-cp311-cp311-win32.whl", hash = "sha256:205cd449d08a2b024a468fb6100cd7ed03e946b4f49706f508944006f955ae1a"},
    {file = "PyQt5_sip-12.13.0-cp311-cp311-win_amd64.whl", hash = "sha256:1c8371682f77852256f1f2d38c41e2e684029f43330f0635870895ab01c02f6c"},
    {file = "PyQt5_sip-12.13.0-cp312-cp312-macosx_10_9_universal2.whl", hash = "sha256:7fe3375b508c5bc657d73b9896bba8a768791f1f426c68053311b046bcebdddf"},
    {file = "PyQt5_sip-12.13.0-cp312-cp312-manylinux_2_5_x86_64.manylinux1_x86_64.whl", hash = "sha256:773731b1b5ab1a7cf5621249f2379c95e3d2905e9bd96ff3611b119586daa876"},
    {file = "PyQt5_sip-12.13.0-cp312-cp312-win32.whl", hash = "sha256:fb4a5271fa3f6bc2feb303269a837a95a6d8dd16be553aa40e530de7fb81bfdf"},
    {file = "PyQt5_sip-12.13.0-cp312-cp312-win_amd64.whl", hash = "sha256:3a4498f3b1b15f43f5d12963accdce0fd652b0bcaae6baf8008663365827444c"},
    {file = "PyQt5_sip-12.13.0-cp38-cp38-macosx_10_9_x86_64.whl", hash = "sha256:9b984c2620a7a7eaf049221b09ae50a345317add2624c706c7d2e9e6632a9587"},
    {file = "PyQt5_sip-12.13.0-cp38-cp38-manylinux_2_5_x86_64.manylinux1_x86_64.whl", hash = "sha256:3188a06956aef86f604fb0d14421a110fad70d2a9e943dbacbfc3303f651dade"},
    {file = "PyQt5_sip-12.13.0-cp38-cp38-win32.whl", hash = "sha256:108a15f603e1886988c4b0d9d41cb74c9f9815bf05cefc843d559e8c298a10ce"},
    {file = "PyQt5_sip-12.13.0-cp38-cp38-win_amd64.whl", hash = "sha256:db228cd737f5cbfc66a3c3e50042140cb80b30b52edc5756dbbaa2346ec73137"},
    {file = "PyQt5_sip-12.13.0-cp39-cp39-macosx_10_9_universal2.whl", hash = "sha256:5338773bbaedaa4f16a73c142fb23cc18c327be6c338813af70260b756c7bc92"},
    {file = "PyQt5_sip-12.13.0-cp39-cp39-manylinux_2_5_x86_64.manylinux1_x86_64.whl", hash = "sha256:29fa9cc964517c9fc3f94f072b9a2aeef4e7a2eda1879cb835d9e06971161cdf"},
    {file = "PyQt5_sip-12.13.0-cp39-cp39-win32.whl", hash = "sha256:96414c93f3d33963887cf562d50d88b955121fbfd73f937c8eca46643e77bf61"},
    {file = "PyQt5_sip-12.13.0-cp39-cp39-win_amd64.whl", hash = "sha256:bbc7cd498bf19e0862097be1ad2243e824dea56726f00c11cff1b547c2d31d01"},
    {file = "PyQt5_sip-12.13.0.tar.gz", hash = "sha256:7f321daf84b9c9dbca61b80e1ef37bdaffc0e93312edae2cd7da25b953971d91"},
]

[[package]]
name = "pyqt6"
version = "6.6.1"
description = "Python bindings for the Qt cross platform application toolkit"
optional = false
python-versions = ">=3.6.1"
files = [
    {file = "PyQt6-6.6.1-cp38-abi3-macosx_10_14_universal2.whl", hash = "sha256:6b43878d0bbbcf8b7de165d305ec0cb87113c8930c92de748a11c473a6db5085"},
    {file = "PyQt6-6.6.1-cp38-abi3-manylinux_2_28_x86_64.whl", hash = "sha256:5aa0e833cb5a79b93813f8181d9f145517dd5a46f4374544bcd1e93a8beec537"},
    {file = "PyQt6-6.6.1-cp38-abi3-win_amd64.whl", hash = "sha256:03a656d5dc5ac31b6a9ad200f7f4f7ef49fa00ad7ce7a991b9bb691617141d12"},
    {file = "PyQt6-6.6.1.tar.gz", hash = "sha256:9f158aa29d205142c56f0f35d07784b8df0be28378d20a97bcda8bd64ffd0379"},
]

[package.dependencies]
PyQt6-Qt6 = ">=6.6.0"
PyQt6-sip = ">=13.6,<14"

[[package]]
name = "pyqt6-qt6"
version = "6.6.1"
description = "The subset of a Qt installation needed by PyQt6."
optional = false
python-versions = "*"
files = [
    {file = "PyQt6_Qt6-6.6.1-py3-none-macosx_10_14_x86_64.whl", hash = "sha256:0409aa09b8dae90d5f00ba2d9761e671dfbc54ab169cff8f4cdfecd7f664fd0f"},
    {file = "PyQt6_Qt6-6.6.1-py3-none-macosx_11_0_arm64.whl", hash = "sha256:8dcac0bd9df13d63deafb6a61969b832c34467da4a28d2b7abf78066bfce22e6"},
    {file = "PyQt6_Qt6-6.6.1-py3-none-manylinux_2_28_x86_64.whl", hash = "sha256:e7df8851c93886412d890d0ecc62b39f42521861ee7a80982136d65903e1f2c5"},
    {file = "PyQt6_Qt6-6.6.1-py3-none-win_amd64.whl", hash = "sha256:41f1ed3eadc00540c205a0e897ae0e0fffc21b896e575214f7c5b9c86d2037d1"},
]

[[package]]
name = "pyqt6-sip"
version = "13.6.0"
description = "The sip module support for PyQt6"
optional = false
python-versions = ">=3.7"
files = [
    {file = "PyQt6_sip-13.6.0-cp310-cp310-macosx_10_9_universal2.whl", hash = "sha256:d6b5f699aaed0ac1fcd23e8fbca70d8a77965831b7c1ce474b81b1678817a49d"},
    {file = "PyQt6_sip-13.6.0-cp310-cp310-manylinux_2_5_x86_64.manylinux1_x86_64.whl", hash = "sha256:8c282062125eea5baf830c6998587d98c50be7c3a817a057fb95fef647184012"},
    {file = "PyQt6_sip-13.6.0-cp310-cp310-win32.whl", hash = "sha256:fa759b6339ff7e25f9afe2a6b651b775f0a36bcb3f5fa85e81a90d3b033c83f4"},
    {file = "PyQt6_sip-13.6.0-cp310-cp310-win_amd64.whl", hash = "sha256:8f9df9f7ccd8a9f0f1d36948c686f03ce1a1281543a3e636b7b7d5e086e1a436"},
    {file = "PyQt6_sip-13.6.0-cp311-cp311-macosx_10_9_universal2.whl", hash = "sha256:5b9c6b6f9cfccb48cbb78a59603145a698fb4ffd176764d7083e5bf47631d8df"},
    {file = "PyQt6_sip-13.6.0-cp311-cp311-manylinux_2_5_x86_64.manylinux1_x86_64.whl", hash = "sha256:86a7b67c64436e32bffa9c28c9f21bf14a9faa54991520b12c3f6f435f24df7f"},
    {file = "PyQt6_sip-13.6.0-cp311-cp311-win32.whl", hash = "sha256:58f68a48400e0b3d1ccb18090090299bad26e3aed7ccb7057c65887b79b8aeea"},
    {file = "PyQt6_sip-13.6.0-cp311-cp311-win_amd64.whl", hash = "sha256:0dfd22cfedd87e96f9d51e0778ca2ba3dc0be83e424e9e0f98f6994d8d9c90f0"},
    {file = "PyQt6_sip-13.6.0-cp312-cp312-macosx_10_9_universal2.whl", hash = "sha256:3bf03e130fbfd75c9c06e687b86ba375410c7a9e835e4e03285889e61dd4b0c4"},
    {file = "PyQt6_sip-13.6.0-cp312-cp312-manylinux_2_5_x86_64.manylinux1_x86_64.whl", hash = "sha256:43fb8551796030aae3d66d6e35e277494071ec6172cd182c9569ab7db268a2f5"},
    {file = "PyQt6_sip-13.6.0-cp312-cp312-win32.whl", hash = "sha256:13885361ca2cb2f5085d50359ba61b3fabd41b139fb58f37332acbe631ef2357"},
    {file = "PyQt6_sip-13.6.0-cp312-cp312-win_amd64.whl", hash = "sha256:24441032a29791e82beb7dfd76878339058def0e97fdb7c1cea517f3a0e6e96b"},
    {file = "PyQt6_sip-13.6.0-cp38-cp38-macosx_10_9_x86_64.whl", hash = "sha256:3075d8b325382750829e6cde6971c943352309d35768a4d4da0587459606d562"},
    {file = "PyQt6_sip-13.6.0-cp38-cp38-manylinux_2_5_x86_64.manylinux1_x86_64.whl", hash = "sha256:a6ce80bc24618d8a41be8ca51ad9f10e8bc4296dd90ab2809573df30a23ae0e5"},
    {file = "PyQt6_sip-13.6.0-cp38-cp38-win32.whl", hash = "sha256:fa7b10af7488efc5e53b41dd42c0f421bde6c2865a107af7ae259aff9d841da9"},
    {file = "PyQt6_sip-13.6.0-cp38-cp38-win_amd64.whl", hash = "sha256:9adf672f9114687533a74d5c2d4c03a9a929ad5ad9c3e88098a7da1a440ab916"},
    {file = "PyQt6_sip-13.6.0-cp39-cp39-macosx_10_9_universal2.whl", hash = "sha256:98bf954103b087162fa63b3a78f30b0b63da22fd6450b610ec1b851dbb798228"},
    {file = "PyQt6_sip-13.6.0-cp39-cp39-manylinux_2_5_x86_64.manylinux1_x86_64.whl", hash = "sha256:39854dba35f8e5a4288da26ecb5f40b4c5ec1932efffb3f49d5ea435a7f37fb3"},
    {file = "PyQt6_sip-13.6.0-cp39-cp39-win32.whl", hash = "sha256:747f6ca44af81777a2c696bd501bc4815a53ec6fc94d4e25830e10bc1391f8ab"},
    {file = "PyQt6_sip-13.6.0-cp39-cp39-win_amd64.whl", hash = "sha256:33ea771fe777eb0d1a2c3ef35bcc3f7a286eb3ff09cd5b2fdd3d87d1f392d7e8"},
    {file = "PyQt6_sip-13.6.0.tar.gz", hash = "sha256:2486e1588071943d4f6657ba09096dc9fffd2322ad2c30041e78ea3f037b5778"},
]

[[package]]
name = "pyqtgraph"
version = "0.13.3"
description = "Scientific Graphics and GUI Library for Python"
optional = false
python-versions = ">=3.8"
files = [
    {file = "pyqtgraph-0.13.3-py3-none-any.whl", hash = "sha256:fdcc04ac4b32a7bedf1bf3cf74cbb93ab3ba5687791712bbfa8d0712377d2f2b"},
    {file = "pyqtgraph-0.13.3.tar.gz", hash = "sha256:58108d8411c7054e0841d8b791ee85e101fc296b9b359c0e01dde38a98ff2ace"},
]

[package.dependencies]
numpy = ">=1.20.0"

[[package]]
name = "pyside6"
version = "6.6.1"
description = "Python bindings for the Qt cross-platform application and UI framework"
optional = false
python-versions = "<3.13,>=3.8"
files = [
    {file = "PySide6-6.6.1-cp38-abi3-macosx_11_0_universal2.whl", hash = "sha256:3c348948fe3957b18164c9c7b8942fe065bdb39648b326f212bc114326679fa9"},
    {file = "PySide6-6.6.1-cp38-abi3-manylinux_2_28_x86_64.whl", hash = "sha256:0a67587c088cb80e90d4ce3023b02466ea858c93a6dc9c4e062b13314e03d464"},
    {file = "PySide6-6.6.1-cp38-abi3-manylinux_2_31_aarch64.whl", hash = "sha256:ed3822150f0d7a06b68bf4ceebe287515b5e8309bb256e9b49ae405afd062b18"},
    {file = "PySide6-6.6.1-cp38-abi3-win_amd64.whl", hash = "sha256:3593d605175e83e6952cf3b428ecc9c146af97effb36de921ecf3da2752de082"},
]

[package.dependencies]
PySide6-Addons = "6.6.1"
PySide6-Essentials = "6.6.1"
shiboken6 = "6.6.1"

[[package]]
name = "pyside6-addons"
version = "6.6.1"
description = "Python bindings for the Qt cross-platform application and UI framework (Addons)"
optional = false
python-versions = "<3.13,>=3.8"
files = [
    {file = "PySide6_Addons-6.6.1-cp38-abi3-macosx_11_0_universal2.whl", hash = "sha256:7cb7af1b050c40f7ac891b0e61c758c1923863173932f5b92dc47bdfb4158b42"},
    {file = "PySide6_Addons-6.6.1-cp38-abi3-manylinux_2_28_x86_64.whl", hash = "sha256:a0982da4033319667f9df5ed6fa8eff300a88216aec103a1fff6751a172b19a0"},
    {file = "PySide6_Addons-6.6.1-cp38-abi3-manylinux_2_31_aarch64.whl", hash = "sha256:5a63a8a943724ce5acd2df72e5ab04982b6906963278cbabb216656b9a26ee18"},
    {file = "PySide6_Addons-6.6.1-cp38-abi3-win_amd64.whl", hash = "sha256:a223575c81e9a13173136c044c3447e25f6d656b462b4d71fc3c6bd9c935a709"},
]

[package.dependencies]
PySide6-Essentials = "6.6.1"
shiboken6 = "6.6.1"

[[package]]
name = "pyside6-essentials"
version = "6.6.1"
description = "Python bindings for the Qt cross-platform application and UI framework (Essentials)"
optional = false
python-versions = "<3.13,>=3.8"
files = [
    {file = "PySide6_Essentials-6.6.1-cp38-abi3-macosx_11_0_universal2.whl", hash = "sha256:0c8917b15236956957178a8c9854641b12b11dad79ba0caf26147119164c30cf"},
    {file = "PySide6_Essentials-6.6.1-cp38-abi3-manylinux_2_28_x86_64.whl", hash = "sha256:c7185616083eab6f42eaed598d97d49fac4f60ae2e7415194140d54f58c2b42c"},
    {file = "PySide6_Essentials-6.6.1-cp38-abi3-manylinux_2_31_aarch64.whl", hash = "sha256:a383c3d60298392cfb621ec1a0cf24b4799321e6c5bbafc021d4cc8076ea1315"},
    {file = "PySide6_Essentials-6.6.1-cp38-abi3-win_amd64.whl", hash = "sha256:13da926e9e9ee3e26e3f66883a9d5e43726ddee70cdabddca02a07aa1ccf9484"},
]

[package.dependencies]
shiboken6 = "6.6.1"

[[package]]
name = "shiboken6"
version = "6.6.1"
description = "Python/C++ bindings helper module"
optional = false
python-versions = "<3.13,>=3.8"
files = [
    {file = "shiboken6-6.6.1-cp38-abi3-macosx_11_0_universal2.whl", hash = "sha256:d756fd1fa945b787e8eef142f2eb571da0b4c4dc2f2eec1a7c12a474a2cf84e4"},
    {file = "shiboken6-6.6.1-cp38-abi3-manylinux_2_28_x86_64.whl", hash = "sha256:fb102e4bc210006f0cdd0ce38e1aaaaf792bd871f02a2b3f01d07922c5cf4c59"},
    {file = "shiboken6-6.6.1-cp38-abi3-manylinux_2_31_aarch64.whl", hash = "sha256:a605960e72af5eef915991cee7eef4cc72f5cabe63b9ae1a955ceb3d3b0a00b9"},
    {file = "shiboken6-6.6.1-cp38-abi3-win_amd64.whl", hash = "sha256:072c35c4fe46ec13b364d9dc47b055bb2277ee3aeaab18c23650280ec362f62a"},
]

[[package]]
name = "tomli"
version = "2.0.1"
description = "A lil' TOML parser"
optional = false
python-versions = ">=3.7"
files = [
    {file = "tomli-2.0.1-py3-none-any.whl", hash = "sha256:939de3e7a6161af0c887ef91b7d41a53e7c5a1ca976325f429cb46ea9bc30ecc"},
    {file = "tomli-2.0.1.tar.gz", hash = "sha256:de526c12914f0c550d15924c62d72abc48d6fe7364aa87328337a31007fe8a4f"},
]

[[package]]
name = "typing-extensions"
version = "4.9.0"
description = "Backported and Experimental Type Hints for Python 3.8+"
optional = false
python-versions = ">=3.8"
files = [
    {file = "typing_extensions-4.9.0-py3-none-any.whl", hash = "sha256:af72aea155e91adfc61c3ae9e0e342dbc0cba726d6cba4b6c72c1f34e47291cd"},
    {file = "typing_extensions-4.9.0.tar.gz", hash = "sha256:23478f88c37f27d76ac8aee6c905017a143b0b1b886c3c9f66bc2fd94f9f5783"},
]

[metadata]
lock-version = "2.0"
python-versions = ">=3.9, <3.13"
content-hash = "bb5d8350f70321fd469f7a76694b93679d290d00c4565c0e8d804237517cee40"
